
Microsoft Visual Studio Solution File, Format Version 12.00
Project("{FAE04EC0-301F-11D3-BF4B-00C04F79EFBC}") = "IS.Infrastructure", "IS.Infrastructure\IS.Infrastructure.csproj", "{A7DA9FDA-5BC9-4BEE-BF95-63B3E55F92D7}"
EndProject
Project("{FAE04EC0-301F-11D3-BF4B-00C04F79EFBC}") = "IS.Domain", "IS.Domain\IS.Domain.csproj", "{51F58B46-37AC-43F5-B601-0F866DFB6A71}"
EndProject
Project("{FAE04EC0-301F-11D3-BF4B-00C04F79EFBC}") = "IS.Web", "IS.Web\IS.Web.csproj", "{86C511D1-0483-476D-B348-0F3B48E6DC4C}"
EndProject
Global
	GlobalSection(SolutionConfigurationPlatforms) = preSolution
		Debug|Any CPU = Debug|Any CPU
		Release|Any CPU = Release|Any CPU
	EndGlobalSection
	GlobalSection(ProjectConfigurationPlatforms) = postSolution
		{A7DA9FDA-5BC9-4BEE-BF95-63B3E55F92D7}.Debug|Any CPU.ActiveCfg = Debug|Any CPU
		{A7DA9FDA-5BC9-4BEE-BF95-63B3E55F92D7}.Debug|Any CPU.Build.0 = Debug|Any CPU
		{A7DA9FDA-5BC9-4BEE-BF95-63B3E55F92D7}.Release|Any CPU.ActiveCfg = Release|Any CPU
		{A7DA9FDA-5BC9-4BEE-BF95-63B3E55F92D7}.Release|Any CPU.Build.0 = Release|Any CPU
		{51F58B46-37AC-43F5-B601-0F866DFB6A71}.Debug|Any CPU.ActiveCfg = Debug|Any CPU
		{51F58B46-37AC-43F5-B601-0F866DFB6A71}.Debug|Any CPU.Build.0 = Debug|Any CPU
		{51F58B46-37AC-43F5-B601-0F866DFB6A71}.Release|Any CPU.ActiveCfg = Release|Any CPU
		{51F58B46-37AC-43F5-B601-0F866DFB6A71}.Release|Any CPU.Build.0 = Release|Any CPU
		{86C511D1-0483-476D-B348-0F3B48E6DC4C}.Debug|Any CPU.ActiveCfg = Debug|Any CPU
		{86C511D1-0483-476D-B348-0F3B48E6DC4C}.Debug|Any CPU.Build.0 = Debug|Any CPU
		{86C511D1-0483-476D-B348-0F3B48E6DC4C}.Release|Any CPU.ActiveCfg = Release|Any CPU
		{86C511D1-0483-476D-B348-0F3B48E6DC4C}.Release|Any CPU.Build.0 = Release|Any CPU
	EndGlobalSection
EndGlobal
